{
    "_readme": [
        "This file locks the dependencies of your project to a known state",
        "Read more about it at https://getcomposer.org/doc/01-basic-usage.md#composer-lock-the-lock-file",
        "This file is @generated automatically"
    ],
    "hash": "14b83ca52e8a0e281c737f0ef38c4887",
    "content-hash": "39b47259dbc1c19f89ed5b59fd2d8134",
    "packages": [
        {
            "name": "level-2/dice",
            "version": "dev-v2.0-PHP5.4-5.5",
            "source": {
                "type": "git",
                "url": "https://github.com/Level-2/Dice.git",
                "reference": "33e5401c4a577b7d8dc7dc04db295fe5084343c4"
            },
            "dist": {
                "type": "zip",
                "url": "https://api.github.com/repos/Level-2/Dice/zipball/33e5401c4a577b7d8dc7dc04db295fe5084343c4",
                "reference": "33e5401c4a577b7d8dc7dc04db295fe5084343c4",
                "shasum": ""
            },
            "require": {
                "php": ">=5.4.0"
            },
            "type": "library",
            "autoload": {
                "psr-4": {
                    "Dice\\": "./"
                }
            },
            "notification-url": "https://packagist.org/downloads/",
            "license": [
                "BSD-2-Clause"
            ],
            "authors": [
                {
                    "name": "Tom Butler",
                    "email": "tom@r.je"
                }
            ],
            "description": "A minimalist Dependency injection container (DIC) for PHP. Please note: This branch is only compatible with PHP5.6. 5.5, 5.4 and 5.3 compatible version is available as a separate branch on github. ",
            "homepage": "http://r.je/dice.html",
            "keywords": [
                "dependency injection",
                "dependency injection container",
                "di",
                "ioc"
            ],
            "time": "2015-11-30 17:19:11"
        },
        {
            "name": "monolog/monolog",
            "version": "1.21.0",
            "source": {
                "type": "git",
                "url": "https://github.com/Seldaek/monolog.git",
                "reference": "f42fbdfd53e306bda545845e4dbfd3e72edb4952"
            },
            "dist": {
                "type": "zip",
                "url": "https://api.github.com/repos/Seldaek/monolog/zipball/f42fbdfd53e306bda545845e4dbfd3e72edb4952",
                "reference": "f42fbdfd53e306bda545845e4dbfd3e72edb4952",
                "shasum": ""
            },
            "require": {
                "php": ">=5.3.0",
                "psr/log": "~1.0"
            },
            "provide": {
                "psr/log-implementation": "1.0.0"
            },
            "require-dev": {
                "aws/aws-sdk-php": "^2.4.9",
                "doctrine/couchdb": "~1.0@dev",
                "graylog2/gelf-php": "~1.0",
                "jakub-onderka/php-parallel-lint": "0.9",
                "php-amqplib/php-amqplib": "~2.4",
                "php-console/php-console": "^3.1.3",
                "phpunit/phpunit": "~4.5",
                "phpunit/phpunit-mock-objects": "2.3.0",
                "ruflin/elastica": ">=0.90 <3.0",
                "sentry/sentry": "^0.13",
                "swiftmailer/swiftmailer": "~5.3"
            },
            "suggest": {
                "aws/aws-sdk-php": "Allow sending log messages to AWS services like DynamoDB",
                "doctrine/couchdb": "Allow sending log messages to a CouchDB server",
                "ext-amqp": "Allow sending log messages to an AMQP server (1.0+ required)",
                "ext-mongo": "Allow sending log messages to a MongoDB server",
                "graylog2/gelf-php": "Allow sending log messages to a GrayLog2 server",
                "mongodb/mongodb": "Allow sending log messages to a MongoDB server via PHP Driver",
                "php-amqplib/php-amqplib": "Allow sending log messages to an AMQP server using php-amqplib",
                "php-console/php-console": "Allow sending log messages to Google Chrome",
                "rollbar/rollbar": "Allow sending log messages to Rollbar",
                "ruflin/elastica": "Allow sending log messages to an Elastic Search server",
                "sentry/sentry": "Allow sending log messages to a Sentry server"
            },
            "type": "library",
            "extra": {
                "branch-alias": {
                    "dev-master": "2.0.x-dev"
                }
            },
            "autoload": {
                "psr-4": {
                    "Monolog\\": "src/Monolog"
                }
            },
            "notification-url": "https://packagist.org/downloads/",
            "license": [
                "MIT"
            ],
            "authors": [
                {
                    "name": "Jordi Boggiano",
                    "email": "j.boggiano@seld.be",
                    "homepage": "http://seld.be"
                }
            ],
            "description": "Sends your logs to files, sockets, inboxes, databases and various web services",
            "homepage": "http://github.com/Seldaek/monolog",
            "keywords": [
                "log",
                "logging",
                "psr-3"
            ],
            "time": "2016-07-29 03:23:52"
        },
        {
            "name": "psr/log",
            "version": "1.0.0",
            "source": {
                "type": "git",
                "url": "https://github.com/php-fig/log.git",
                "reference": "fe0936ee26643249e916849d48e3a51d5f5e278b"
            },
            "dist": {
                "type": "zip",
                "url": "https://api.github.com/repos/php-fig/log/zipball/fe0936ee26643249e916849d48e3a51d5f5e278b",
                "reference": "fe0936ee26643249e916849d48e3a51d5f5e278b",
                "shasum": ""
            },
            "type": "library",
            "autoload": {
                "psr-0": {
                    "Psr\\Log\\": ""
                }
            },
            "notification-url": "https://packagist.org/downloads/",
            "license": [
                "MIT"
            ],
            "authors": [
                {
                    "name": "PHP-FIG",
                    "homepage": "http://www.php-fig.org/"
                }
            ],
            "description": "Common interface for logging libraries",
            "keywords": [
                "log",
                "psr",
                "psr-3"
            ],
            "time": "2012-12-21 11:40:51"
        }
    ],
    "packages-dev": [
        {
            "name": "antecedent/patchwork",
            "version": "1.3.5",
            "source": {
                "type": "git",
                "url": "https://github.com/antecedent/patchwork.git",
                "reference": "908a233f8a374f02b02ff5e3d6ba687ca506d57d"
            },
            "dist": {
                "type": "zip",
                "url": "https://api.github.com/repos/antecedent/patchwork/zipball/908a233f8a374f02b02ff5e3d6ba687ca506d57d",
                "reference": "908a233f8a374f02b02ff5e3d6ba687ca506d57d",
                "shasum": ""
            },
            "require": {
                "php": ">=5.3.0"
            },
            "type": "library",
            "notification-url": "https://packagist.org/downloads/",
            "license": [
                "MIT"
            ],
            "authors": [
                {
                    "name": "Ignas Rudaitis",
                    "email": "ignas.rudaitis@gmail.com"
                }
            ],
            "description": "A pure PHP library that lets you redefine user-defined functions at runtime.",
            "homepage": "http://antecedent.github.io/patchwork/",
            "keywords": [
                "aop",
                "aspect",
                "interception",
                "monkeypatching",
                "redefinition",
                "runkit",
                "testing"
            ],
            "time": "2015-10-09 18:20:06"
        },
        {
            "name": "brain/monkey",
            "version": "1.4.0",
            "source": {
                "type": "git",
                "url": "https://github.com/Brain-WP/BrainMonkey.git",
                "reference": "edc3542444fd84696c5739772996189f2284865a"
            },
            "dist": {
                "type": "zip",
                "url": "https://api.github.com/repos/Brain-WP/BrainMonkey/zipball/edc3542444fd84696c5739772996189f2284865a",
                "reference": "edc3542444fd84696c5739772996189f2284865a",
                "shasum": ""
            },
            "require": {
                "antecedent/patchwork": "1.3.*",
                "mockery/mockery": "*",
                "php": ">=5.4.0"
            },
            "require-dev": {
                "mockery/mockery": "0.9.3",
                "phpunit/phpunit": "~4.8"
            },
            "type": "library",
            "extra": {
                "branch-alias": {
                    "dev-master": "1.0.x-dev"
                }
            },
            "autoload": {
                "psr-4": {
                    "Brain\\": "src/"
                }
            },
            "notification-url": "https://packagist.org/downloads/",
            "license": [
                "MIT"
            ],
            "authors": [
                {
                    "name": "Giuseppe Mazzapica",
                    "email": "giuseppe.mazzapica@gmail.com",
                    "homepage": "http://gm.zoomlab.it",
                    "role": "Developer"
                }
            ],
            "description": "Mocking utility for PHP functions and WordPress plugin API",
            "keywords": [
                "Monkey Patching",
                "interception",
                "mock",
                "mock functions",
                "mockery",
                "patchwork",
                "redefinition",
                "runkit",
                "test",
                "testing"
            ],
            "time": "2016-06-16 11:10:02"
        },
        {
            "name": "hamcrest/hamcrest-php",
            "version": "v1.2.2",
            "source": {
                "type": "git",
                "url": "https://github.com/hamcrest/hamcrest-php.git",
                "reference": "b37020aa976fa52d3de9aa904aa2522dc518f79c"
            },
            "dist": {
                "type": "zip",
                "url": "https://api.github.com/repos/hamcrest/hamcrest-php/zipball/b37020aa976fa52d3de9aa904aa2522dc518f79c",
                "reference": "b37020aa976fa52d3de9aa904aa2522dc518f79c",
                "shasum": ""
            },
            "require": {
                "php": ">=5.3.2"
            },
            "replace": {
                "cordoval/hamcrest-php": "*",
                "davedevelopment/hamcrest-php": "*",
                "kodova/hamcrest-php": "*"
            },
            "require-dev": {
                "phpunit/php-file-iterator": "1.3.3",
                "satooshi/php-coveralls": "dev-master"
            },
            "type": "library",
            "autoload": {
                "classmap": [
                    "hamcrest"
                ],
                "files": [
                    "hamcrest/Hamcrest.php"
                ]
            },
            "notification-url": "https://packagist.org/downloads/",
            "license": [
                "BSD"
            ],
            "description": "This is the PHP port of Hamcrest Matchers",
            "keywords": [
                "test"
            ],
            "time": "2015-05-11 14:41:42"
        },
        {
            "name": "inpsyde/wordpress-dev",
            "version": "4.6.0",
            "source": {
                "type": "git",
                "url": "https://github.com/inpsyde/wordpress-dev.git",
                "reference": "7cde217906df2ffc3bfba761496490a6b0f5254a"
            },
            "dist": {
                "type": "zip",
                "url": "https://api.github.com/repos/inpsyde/wordpress-dev/zipball/7cde217906df2ffc3bfba761496490a6b0f5254a",
                "reference": "7cde217906df2ffc3bfba761496490a6b0f5254a",
                "shasum": ""
            },
            "require": {
                "php": ">=5.2.4"
            },
            "type": "wordpress-core",
            "notification-url": "https://packagist.org/downloads/",
            "license": [
                "GPL-2.0+"
            ],
            "authors": [
                {
                    "name": "WordPress Community",
                    "homepage": "http://wordpress.org/about/"
                }
            ],
            "description": "WordPress is web software you can use to create a beautiful website or blog.",
            "homepage": "http://wordpress.org/",
            "keywords": [
                "blog",
                "cms",
                "wordpress"
            ],
            "time": "2016-08-16 20:41:43"
        },
        {
            "name": "inpsyde/wp-tests-starter",
            "version": "1.0.2",
            "source": {
                "type": "git",
                "url": "https://github.com/inpsyde/WP-Tests-Starter.git",
                "reference": "c585234a96109dbb7708bd34abfd64542bb07f01"
            },
            "dist": {
                "type": "zip",
                "url": "https://api.github.com/repos/inpsyde/WP-Tests-Starter/zipball/c585234a96109dbb7708bd34abfd64542bb07f01",
                "reference": "c585234a96109dbb7708bd34abfd64542bb07f01",
                "shasum": ""
            },
            "require": {
                "php": ">=5.3.0"
            },
            "require-dev": {
                "inpsyde/wordpress-dev": "dev-master"
            },
            "suggest": {
                "inpsyde/wordpress-dev": "WordPress development composer package."
            },
            "type": "library",
            "autoload": {
                "psr-4": {
                    "WpTestsStarter\\": "src/WpTestsStarter"
                }
            },
            "notification-url": "https://packagist.org/downloads/",
            "license": [
                "MIT"
            ],
            "authors": [
                {
                    "name": "David Naber",
                    "email": "d.naber@inpsyde.com",
                    "role": "Developer"
                }
            ],
            "description": "A package that helps you setting up WordPress integration test environments quickly.",
            "keywords": [
                "integration tests",
                "tests",
                "wordpress"
            ],
            "time": "2016-01-27 23:05:52"
        },
        {
            "name": "mockery/mockery",
            "version": "0.9.5",
            "source": {
                "type": "git",
                "url": "https://github.com/padraic/mockery.git",
                "reference": "4db079511a283e5aba1b3c2fb19037c645e70fc2"
            },
            "dist": {
                "type": "zip",
                "url": "https://api.github.com/repos/padraic/mockery/zipball/4db079511a283e5aba1b3c2fb19037c645e70fc2",
                "reference": "4db079511a283e5aba1b3c2fb19037c645e70fc2",
                "shasum": ""
            },
            "require": {
                "hamcrest/hamcrest-php": "~1.1",
                "lib-pcre": ">=7.0",
                "php": ">=5.3.2"
            },
            "require-dev": {
                "phpunit/phpunit": "~4.0"
            },
            "type": "library",
            "extra": {
                "branch-alias": {
                    "dev-master": "0.9.x-dev"
                }
            },
            "autoload": {
                "psr-0": {
                    "Mockery": "library/"
                }
            },
            "notification-url": "https://packagist.org/downloads/",
            "license": [
                "BSD-3-Clause"
            ],
            "authors": [
                {
                    "name": "Pádraic Brady",
                    "email": "padraic.brady@gmail.com",
                    "homepage": "http://blog.astrumfutura.com"
                },
                {
                    "name": "Dave Marshall",
                    "email": "dave.marshall@atstsolutions.co.uk",
                    "homepage": "http://davedevelopment.co.uk"
                }
            ],
            "description": "Mockery is a simple yet flexible PHP mock object framework for use in unit testing with PHPUnit, PHPSpec or any other testing framework. Its core goal is to offer a test double framework with a succinct API capable of clearly defining all possible object operations and interactions using a human readable Domain Specific Language (DSL). Designed as a drop in alternative to PHPUnit's phpunit-mock-objects library, Mockery is easy to integrate with PHPUnit and can operate alongside phpunit-mock-objects without the World ending.",
            "homepage": "http://github.com/padraic/mockery",
            "keywords": [
                "BDD",
                "TDD",
                "library",
                "mock",
                "mock objects",
                "mockery",
                "stub",
                "test",
                "test double",
                "testing"
            ],
            "time": "2016-05-22 21:52:33"
        }
    ],
    "aliases": [],
    "minimum-stability": "stable",
    "stability-flags": {
        "level-2/dice": 20
    },
    "prefer-stable": false,
    "prefer-lowest": false,
    "platform": {
        "php": ">=5.4.0"
    },
    "platform-dev": []
}
